github.com/jdeng/goheif v0.0.0-20190329141552-78ce0732f313 h1:xvEbuf/SObcN5Y2dmBezKPKPnVtiTCobW3cCOVm1uDI=
github.com/jdeng/goheif v0.0.0-20190329141552-78ce0732f313/go.mod h1:G7IyA3/eR9IFmUIPdyP3c0l4ZaqEvXAk876WfaQ8plc=
github.com/rwcarlsen/goexif v0.0.0-20190401172101-9e8deecbddbd h1:CmH9+J6ZSsIjUK3dcGsnCnO41eRBOnY12zwkn5qVwgc=
github.com/rwcarlsen/goexif v0.0.0-20190401172101-9e8deecbddbd/go.mod h1:hPqNNc0+uJM6H+SuU8sEs5K5IQeKccPqeSjfgcKGgPk=
